# generated by rye
# use `rye lock` or `rye sync` to update this lockfile
#
# last locked with the following flags:
#   pre: false
#   features: []
#   all-features: false
#   with-sources: false

-e file:.
annotated-types==0.6.0
    # via pydantic
attrs==23.2.0
    # via plastik
beautifulsoup4==4.12.3
    # via volcano-base
certifi==2024.2.2
    # via requests
cfgv==3.4.0
    # via pre-commit
cftime==1.6.3
    # via nc-time-axis
    # via volcano-base
charset-normalizer==3.3.2
    # via requests
click==8.1.7
    # via dask
    # via pydoclint
cloudpickle==3.0.0
    # via dask
cmcrameri==1.8
    # via plastik
contourpy==1.2.0
    # via matplotlib
cosmoplots @ git+https://github.com/uit-cosmo/cosmoplots@ec369be63f0bcdc86ff12f44fe295b8df407ba03
    # via volcano-data-deconvolution
cycler==0.12.1
    # via matplotlib
dask==2024.2.0
    # via volcano-base
    # via volcano-data-deconvolution
datetime==5.4
    # via volcano-base
distlib==0.3.8
    # via virtualenv
docstring-parser-fork==0.0.5
    # via pydoclint
filelock==3.13.1
    # via virtualenv
fontawesomefree==6.5.1
    # via pywaffle
fonttools==4.49.0
    # via matplotlib
fppanalysis==0.1.4
    # via volcano-data-deconvolution
fsspec==2024.2.0
    # via dask
h5netcdf==1.3.0
    # via volcano-base
    # via volcano-data-deconvolution
h5py==3.10.0
    # via h5netcdf
identify==2.5.35
    # via pre-commit
idna==3.6
    # via requests
importlib-metadata==6.11.0
    # via cosmoplots
    # via dask
iniconfig==2.0.0
    # via pytest
kiwisolver==1.4.5
    # via matplotlib
locket==1.0.0
    # via partd
markdown-it-py==3.0.0
    # via rich
matplotlib==3.8.3
    # via cmcrameri
    # via cosmoplots
    # via fppanalysis
    # via nc-time-axis
    # via plastik
    # via pywaffle
    # via volcano-base
    # via volcano-data-deconvolution
mdurl==0.1.2
    # via markdown-it-py
mpmath==1.3.0
    # via fppanalysis
mypy==1.9.0
mypy-extensions==1.0.0
    # via mypy
nc-time-axis==1.4.1
    # via volcano-data-deconvolution
nodeenv==1.8.0
    # via pre-commit
numpy==1.26.4
    # via cftime
    # via cmcrameri
    # via contourpy
    # via cosmoplots
    # via fppanalysis
    # via h5py
    # via matplotlib
    # via nc-time-axis
    # via pandas
    # via plastik
    # via pywavelets
    # via scipy
    # via volcano-base
    # via volcano-data-deconvolution
    # via xarray
packaging==23.2
    # via cmcrameri
    # via dask
    # via h5netcdf
    # via matplotlib
    # via pytest
    # via xarray
palettable==3.3.3
    # via plastik
pandas==2.2.0
    # via xarray
partd==1.4.1
    # via dask
pillow==10.2.0
    # via matplotlib
plastik==0.6.2
    # via volcano-data-deconvolution
platformdirs==4.2.0
    # via virtualenv
pluggy==1.4.0
    # via pytest
pre-commit==3.6.2
pre-commit-hooks==4.5.0
pydantic==2.6.4
    # via volcano-base
    # via volcano-data-deconvolution
pydantic-core==2.16.3
    # via pydantic
pydoclint==0.4.1
pydocstringformatter==0.7.3
pygments==2.17.2
    # via rich
pyparsing==3.1.1
    # via matplotlib
pyqt5==5.15.10
    # via volcano-data-deconvolution
pyqt5-qt5==5.15.2
    # via pyqt5
pyqt5-sip==12.13.0
    # via pyqt5
pytest==8.1.1
python-dateutil==2.8.2
    # via matplotlib
    # via pandas
pytz==2024.1
    # via datetime
    # via pandas
pywaffle==1.1.0
    # via plastik
pywavelets==1.5.0
    # via fppanalysis
pyyaml==6.0.1
    # via dask
    # via pre-commit
requests==2.31.0
    # via volcano-base
returns==0.22.0
    # via volcano-base
rich==13.7.0
    # via volcano-base
ruamel-yaml==0.18.6
    # via pre-commit-hooks
ruamel-yaml-clib==0.2.8
    # via ruamel-yaml
scipy==1.12.0
    # via fppanalysis
    # via volcano-base
setuptools==69.1.0
    # via nodeenv
    # via zope-interface
six==1.16.0
    # via python-dateutil
soupsieve==2.5
    # via beautifulsoup4
toolz==0.12.1
    # via dask
    # via partd
tqdm==4.66.2
    # via fppanalysis
typing-extensions==4.9.0
    # via mypy
    # via pydantic
    # via pydantic-core
    # via returns
tzdata==2024.1
    # via pandas
urllib3==2.2.1
    # via requests
virtualenv==20.25.0
    # via pre-commit
volcano-base==1.8.1
    # via volcano-data-deconvolution
xarray==2024.2.0
    # via volcano-base
    # via volcano-data-deconvolution
xdoctest==1.1.3
zipp==3.17.0
    # via importlib-metadata
zope-interface==6.2
    # via datetime
